
Microsoft Visual Studio Solution File, Format Version 12.00
# Visual Studio 15
VisualStudioVersion = 15.0.27004.2010
MinimumVisualStudioVersion = 10.0.40219.1
Project("{FAE04EC0-301F-11D3-BF4B-00C04F79EFBC}") = "CarRentalManager", "CarRentalManager\CarRentalManager.csproj", "{55ECF70A-22CA-462B-B462-41FE2821760C}"
EndProject
Global
	GlobalSection(SolutionConfigurationPlatforms) = preSolution
		Debug|Any CPU = Debug|Any CPU
		Release|Any CPU = Release|Any CPU
	EndGlobalSection
	GlobalSection(ProjectConfigurationPlatforms) = postSolution
		{55ECF70A-22CA-462B-B462-41FE2821760C}.Debug|Any CPU.ActiveCfg = Debug|Any CPU
		{55ECF70A-22CA-462B-B462-41FE2821760C}.Debug|Any CPU.Build.0 = Debug|Any CPU
		{55ECF70A-22CA-462B-B462-41FE2821760C}.Release|Any CPU.ActiveCfg = Release|Any CPU
		{55ECF70A-22CA-462B-B462-41FE2821760C}.Release|Any CPU.Build.0 = Release|Any CPU
	EndGlobalSection
	GlobalSection(SolutionProperties) = preSolution
		HideSolutionNode = FALSE
	EndGlobalSection
	GlobalSection(ExtensibilityGlobals) = postSolution
		SolutionGuid = {6BEFD9FF-302B-4051-841A-730F970A65EB}
	EndGlobalSection
EndGlobal
